
Microsoft Visual Studio Solution File, Format Version 12.00
# Visual Studio 15
VisualStudioVersion = 15.0.28307.1401
MinimumVisualStudioVersion = 10.0.40219.1
Project("{FAE04EC0-301F-11D3-BF4B-00C04F79EFBC}") = "Api_REST_CRUD", "Api_REST_CRUD\Api_REST_CRUD.csproj", "{9407447D-9715-466C-BA9F-6595D0BA5CFF}"
EndProject
Project("{FAE04EC0-301F-11D3-BF4B-00C04F79EFBC}") = "ConectarDatos", "ConectarDatos\ConectarDatos.csproj", "{AE9467C8-93EB-4DBA-BE91-35E5E579C8F7}"
EndProject
Global
	GlobalSection(SolutionConfigurationPlatforms) = preSolution
		Debug|Any CPU = Debug|Any CPU
		Release|Any CPU = Release|Any CPU
	EndGlobalSection
	GlobalSection(ProjectConfigurationPlatforms) = postSolution
		{9407447D-9715-466C-BA9F-6595D0BA5CFF}.Debug|Any CPU.ActiveCfg = Debug|Any CPU
		{9407447D-9715-466C-BA9F-6595D0BA5CFF}.Debug|Any CPU.Build.0 = Debug|Any CPU
		{9407447D-9715-466C-BA9F-6595D0BA5CFF}.Release|Any CPU.ActiveCfg = Release|Any CPU
		{9407447D-9715-466C-BA9F-6595D0BA5CFF}.Release|Any CPU.Build.0 = Release|Any CPU
		{AE9467C8-93EB-4DBA-BE91-35E5E579C8F7}.Debug|Any CPU.ActiveCfg = Debug|Any CPU
		{AE9467C8-93EB-4DBA-BE91-35E5E579C8F7}.Debug|Any CPU.Build.0 = Debug|Any CPU
		{AE9467C8-93EB-4DBA-BE91-35E5E579C8F7}.Release|Any CPU.ActiveCfg = Release|Any CPU
		{AE9467C8-93EB-4DBA-BE91-35E5E579C8F7}.Release|Any CPU.Build.0 = Release|Any CPU
	EndGlobalSection
	GlobalSection(SolutionProperties) = preSolution
		HideSolutionNode = FALSE
	EndGlobalSection
	GlobalSection(ExtensibilityGlobals) = postSolution
		SolutionGuid = {60C37FD1-55D9-4768-85CF-D7E830B2A8A0}
	EndGlobalSection
EndGlobal
